{
  "version": 2,
  "dependencies": {
    "net8.0": {
      "CommunityToolkit.Diagnostics": {
        "type": "Direct",
        "requested": "[8.2.2, )",
        "resolved": "8.2.2",
        "contentHash": "iILVyo7VvzTlQT7b2qOs1ZDcneKsmuy2mTuxCCaBWEfg3tjw35B/ImO9Xw6It7xi2ie8/2PWfXhFn+Prztg03w=="
      },
      "CommunityToolkit.HighPerformance": {
        "type": "Direct",
        "requested": "[8.2.2, )",
        "resolved": "8.2.2",
        "contentHash": "+zIp8d3sbtYaRbM6hqDs4Ui/z34j7DcUmleruZlYLE4CVxXq+MO8XJyIs42vzeTYFX+k0Iq1dEbBUnQ4z/Gnrw=="
      },
      "HamedStack.VSTest": {
        "type": "Direct",
        "requested": "[1.0.0, )",
        "resolved": "1.0.0",
        "contentHash": "pxA2TrUQlNVvjmiVLMWGwz1gS8KVNQz576ENBVbiuwT3lisr+G56htGAiZ3nvtdrkfOqwOfmnrTVvf1Dg2pJYg=="
      },
      "Microsoft.CodeAnalysis.CSharp.CodeStyle": {
        "type": "Direct",
        "requested": "[4.9.2, )",
        "resolved": "4.9.2",
        "contentHash": "qHpTHDod/KBt6tkSlWh/RVfkVcwpGkabQpi5g8YsjLK5qhEoAkv70mckbmntzo9HA4vMPkIKd7ZtNGn2CCbQVg=="
      },
      "Microsoft.DotNet.ILCompiler": {
        "type": "Direct",
        "requested": "[8.0.3, )",
        "resolved": "8.0.3",
        "contentHash": "LGNORlVTRa2FDy3OcP3Xu1ZSJW4tz2ATO3WrHUwHg7kxbR9HChezgJ51CwZJQt8+Yp6acp32FDC/FTPdFDOumQ=="
      },
      "Microsoft.Net.Compilers.Toolset": {
        "type": "Direct",
        "requested": "[4.9.2, )",
        "resolved": "4.9.2",
        "contentHash": "2j3UDVESH3nVyOr3EF3Om0nSfbZ70dRfiSxmFEoCMar9fApOsns+Odv6g3bMH8rZriY6G4x3LCsnsDl+CEt5KQ=="
      },
      "Microsoft.NET.ILLink.Tasks": {
        "type": "Direct",
        "requested": "[8.0.3, )",
        "resolved": "8.0.3",
        "contentHash": "0kwNg0LBIvVTx9A2mo9Mnw4wLGtaeQgjSz5P13bOOwdWPPLe9HzI+XTkwiMhS7iQCM6X4LAbFR76xScaMw0MrA=="
      },
      "Octokit": {
        "type": "Direct",
        "requested": "[11.0.1, )",
        "resolved": "11.0.1",
        "contentHash": "fpwF/DxMJyGS+pIXDKQozx0wCIpOfG8VDr10ls+m9Gn9Lz8GslhhApxkKD9JCNO60HRUeMJsedsAS24gCjTD7Q=="
      },
      "PolySharp": {
        "type": "Direct",
        "requested": "[1.14.1, )",
        "resolved": "1.14.1",
        "contentHash": "mOOmFYwad3MIOL14VCjj02LljyF1GNw1wP0YVlxtcPvqdxjGGMNdNJJxHptlry3MOd8b40Flm8RPOM8JOlN2sQ=="
      }
    },
    "net8.0/linux-musl-x64": {
      "Microsoft.DotNet.ILCompiler": {
        "type": "Direct",
        "requested": "[8.0.3, )",
        "resolved": "8.0.3",
        "contentHash": "LGNORlVTRa2FDy3OcP3Xu1ZSJW4tz2ATO3WrHUwHg7kxbR9HChezgJ51CwZJQt8+Yp6acp32FDC/FTPdFDOumQ==",
        "dependencies": {
          "runtime.linux-musl-x64.Microsoft.DotNet.ILCompiler": "8.0.3"
        }
      },
      "runtime.linux-musl-x64.Microsoft.DotNet.ILCompiler": {
        "type": "Transitive",
        "resolved": "8.0.3",
        "contentHash": "KCFP5V61DusqXR+lNey2/mPhwf+GWC5RzPV+N90YRKwLArAoaWVRDHCBkH9HLDhecRSN7teXRCuXbQRq+VFc2Q=="
      }
    },
    "net8.0/linux-x64": {
      "Microsoft.DotNet.ILCompiler": {
        "type": "Direct",
        "requested": "[8.0.3, )",
        "resolved": "8.0.3",
        "contentHash": "LGNORlVTRa2FDy3OcP3Xu1ZSJW4tz2ATO3WrHUwHg7kxbR9HChezgJ51CwZJQt8+Yp6acp32FDC/FTPdFDOumQ==",
        "dependencies": {
          "runtime.linux-x64.Microsoft.DotNet.ILCompiler": "8.0.3"
        }
      },
      "runtime.linux-x64.Microsoft.DotNet.ILCompiler": {
        "type": "Transitive",
        "resolved": "8.0.3",
        "contentHash": "Um4sGSNQBAwNZJJoOJkiC3H7En9qK//KFRsT65ShewvfbYLlOsOiYHlVtEKp5t7SZIOs91iSLG99rzmajxPypg=="
      }
    },
    "net8.0/win-x64": {
      "Microsoft.DotNet.ILCompiler": {
        "type": "Direct",
        "requested": "[8.0.3, )",
        "resolved": "8.0.3",
        "contentHash": "LGNORlVTRa2FDy3OcP3Xu1ZSJW4tz2ATO3WrHUwHg7kxbR9HChezgJ51CwZJQt8+Yp6acp32FDC/FTPdFDOumQ==",
        "dependencies": {
          "runtime.win-x64.Microsoft.DotNet.ILCompiler": "8.0.3"
        }
      },
      "runtime.win-x64.Microsoft.DotNet.ILCompiler": {
        "type": "Transitive",
        "resolved": "8.0.3",
        "contentHash": "4PEzDEW7z2OqF+wc/jHL0loPiZRj1gHeu+fNGvatZLFxfwMf7tX1YagoPXDUMvOfMzUh51KVU93BMs/SmMGgsQ=="
      }
    }
  }
}