{
  "version": 2,
  "dependencies": {
    "net8.0": {
      "CommunityToolkit.Diagnostics": {
        "type": "Direct",
        "requested": "[8.2.2, )",
        "resolved": "8.2.2",
        "contentHash": "iILVyo7VvzTlQT7b2qOs1ZDcneKsmuy2mTuxCCaBWEfg3tjw35B/ImO9Xw6It7xi2ie8/2PWfXhFn+Prztg03w=="
      },
      "CommunityToolkit.HighPerformance": {
        "type": "Direct",
        "requested": "[8.2.2, )",
        "resolved": "8.2.2",
        "contentHash": "+zIp8d3sbtYaRbM6hqDs4Ui/z34j7DcUmleruZlYLE4CVxXq+MO8XJyIs42vzeTYFX+k0Iq1dEbBUnQ4z/Gnrw=="
      },
      "GitHub.Actions.Glob": {
        "type": "Direct",
        "requested": "[8.0.15, )",
        "resolved": "8.0.15",
        "contentHash": "sdcgVlSsr6yFfDATYQ7ZMTEI3X19voUlDdadrGFW0BqHDvv8FSCgYughDem3CHNlrLrRedxAvtA4HFm/CP+mtg==",
        "dependencies": {
          "Microsoft.Extensions.DependencyInjection.Abstractions": "8.0.1",
          "Pathological.Globbing": "8.0.1"
        }
      },
      "HamedStack.VSTest": {
        "type": "Direct",
        "requested": "[1.0.0, )",
        "resolved": "1.0.0",
        "contentHash": "pxA2TrUQlNVvjmiVLMWGwz1gS8KVNQz576ENBVbiuwT3lisr+G56htGAiZ3nvtdrkfOqwOfmnrTVvf1Dg2pJYg=="
      },
      "Humanizer.Core": {
        "type": "Direct",
        "requested": "[2.14.1, )",
        "resolved": "2.14.1",
        "contentHash": "lQKvtaTDOXnoVJ20ibTuSIOf2i0uO0MPbDhd1jm238I+U/2ZnRENj0cktKZhtchBMtCUSRQ5v4xBCUbKNmyVMw=="
      },
      "Microsoft.CodeAnalysis.CSharp.CodeStyle": {
        "type": "Direct",
        "requested": "[4.9.2, )",
        "resolved": "4.9.2",
        "contentHash": "qHpTHDod/KBt6tkSlWh/RVfkVcwpGkabQpi5g8YsjLK5qhEoAkv70mckbmntzo9HA4vMPkIKd7ZtNGn2CCbQVg=="
      },
      "Microsoft.DotNet.ILCompiler": {
        "type": "Direct",
        "requested": "[8.0.3, )",
        "resolved": "8.0.3",
        "contentHash": "LGNORlVTRa2FDy3OcP3Xu1ZSJW4tz2ATO3WrHUwHg7kxbR9HChezgJ51CwZJQt8+Yp6acp32FDC/FTPdFDOumQ=="
      },
      "Microsoft.Net.Compilers.Toolset": {
        "type": "Direct",
        "requested": "[4.9.2, )",
        "resolved": "4.9.2",
        "contentHash": "2j3UDVESH3nVyOr3EF3Om0nSfbZ70dRfiSxmFEoCMar9fApOsns+Odv6g3bMH8rZriY6G4x3LCsnsDl+CEt5KQ=="
      },
      "Microsoft.NET.ILLink.Tasks": {
        "type": "Direct",
        "requested": "[8.0.3, )",
        "resolved": "8.0.3",
        "contentHash": "0kwNg0LBIvVTx9A2mo9Mnw4wLGtaeQgjSz5P13bOOwdWPPLe9HzI+XTkwiMhS7iQCM6X4LAbFR76xScaMw0MrA=="
      },
      "Microsoft.SourceLink.GitHub": {
        "type": "Direct",
        "requested": "[8.0.0, )",
        "resolved": "8.0.0",
        "contentHash": "G5q7OqtwIyGTkeIOAc3u2ZuV/kicQaec5EaRnc0pIeSnh9LUjj+PYQrJYBURvDt7twGl2PKA7nSN0kz1Zw5bnQ==",
        "dependencies": {
          "Microsoft.Build.Tasks.Git": "8.0.0",
          "Microsoft.SourceLink.Common": "8.0.0"
        }
      },
      "Octokit": {
        "type": "Direct",
        "requested": "[11.0.1, )",
        "resolved": "11.0.1",
        "contentHash": "fpwF/DxMJyGS+pIXDKQozx0wCIpOfG8VDr10ls+m9Gn9Lz8GslhhApxkKD9JCNO60HRUeMJsedsAS24gCjTD7Q=="
      },
      "Octokit.GraphQL": {
        "type": "Direct",
        "requested": "[0.4.0-beta, )",
        "resolved": "0.4.0-beta",
        "contentHash": "vxywq2lDCskJ5lINXRLS8uwAYj3WdaZR7hElFH1n5faNDcmv06cGodmXrvrXa/z2EVRAIUJ3wgNvwh282ZWYrQ==",
        "dependencies": {
          "Newtonsoft.Json": "13.0.1"
        }
      },
      "PolySharp": {
        "type": "Direct",
        "requested": "[1.14.1, )",
        "resolved": "1.14.1",
        "contentHash": "mOOmFYwad3MIOL14VCjj02LljyF1GNw1wP0YVlxtcPvqdxjGGMNdNJJxHptlry3MOd8b40Flm8RPOM8JOlN2sQ=="
      },
      "Serilog": {
        "type": "Direct",
        "requested": "[3.1.1, )",
        "resolved": "3.1.1",
        "contentHash": "P6G4/4Kt9bT635bhuwdXlJ2SCqqn2nhh4gqFqQueCOr9bK/e7W9ll/IoX1Ter948cV2Z/5+5v8pAfJYUISY03A=="
      },
      "SerilogAnalyzer": {
        "type": "Direct",
        "requested": "[0.15.0, )",
        "resolved": "0.15.0",
        "contentHash": "sVpwfls4MfNnwIXLSGCgaUnV+c9kgJ8ia6GsyRcpd4Vs3gLogSDtSYBYrre2K2u/PNMo8GgG09RehwVnze70Tw=="
      },
      "Microsoft.Build.Tasks.Git": {
        "type": "Transitive",
        "resolved": "8.0.0",
        "contentHash": "bZKfSIKJRXLTuSzLudMFte/8CempWjVamNUR5eHJizsy+iuOuO/k2gnh7W0dHJmYY0tBf+gUErfluCv5mySAOQ=="
      },
      "Microsoft.Extensions.DependencyInjection.Abstractions": {
        "type": "Transitive",
        "resolved": "8.0.1",
        "contentHash": "fGLiCRLMYd00JYpClraLjJTNKLmMJPnqxMaiRzEBIIvevlzxz33mXy39Lkd48hu1G+N21S7QpaO5ZzKsI6FRuA=="
      },
      "Microsoft.Extensions.FileSystemGlobbing": {
        "type": "Transitive",
        "resolved": "8.0.0",
        "contentHash": "OK+670i7esqlQrPjdIKRbsyMCe9g5kSLpRRQGSr4Q58AOYEe/hCnfLZprh7viNisSUUQZmMrbbuDaIrP+V1ebQ=="
      },
      "Microsoft.SourceLink.Common": {
        "type": "Transitive",
        "resolved": "8.0.0",
        "contentHash": "dk9JPxTCIevS75HyEQ0E4OVAFhB2N+V9ShCXf8Q6FkUQZDkgLI12y679Nym1YqsiSysuQskT7Z+6nUf3yab6Vw=="
      },
      "Newtonsoft.Json": {
        "type": "Transitive",
        "resolved": "13.0.1",
        "contentHash": "ppPFpBcvxdsfUonNcvITKqLl3bqxWbDCZIzDWHzjpdAHRFfZe0Dw9HmA0+za13IdyrgJwpkDTDA9fHaxOrt20A=="
      },
      "Pathological.Globbing": {
        "type": "Transitive",
        "resolved": "8.0.1",
        "contentHash": "3V+fTSbczBh4KJE8WlWxEvYyP5Hzb1Ns/sjz2NPkb7sCBOVVl1wCYWOoeUpLWrHV7eppgHt+4rILPlDMPCdvOA==",
        "dependencies": {
          "Microsoft.Extensions.DependencyInjection.Abstractions": "8.0.0",
          "Microsoft.Extensions.FileSystemGlobbing": "8.0.0"
        }
      }
    },
    "net8.0/linux-musl-x64": {
      "Microsoft.DotNet.ILCompiler": {
        "type": "Direct",
        "requested": "[8.0.3, )",
        "resolved": "8.0.3",
        "contentHash": "LGNORlVTRa2FDy3OcP3Xu1ZSJW4tz2ATO3WrHUwHg7kxbR9HChezgJ51CwZJQt8+Yp6acp32FDC/FTPdFDOumQ==",
        "dependencies": {
          "runtime.linux-musl-x64.Microsoft.DotNet.ILCompiler": "8.0.3"
        }
      },
      "runtime.linux-musl-x64.Microsoft.DotNet.ILCompiler": {
        "type": "Transitive",
        "resolved": "8.0.3",
        "contentHash": "KCFP5V61DusqXR+lNey2/mPhwf+GWC5RzPV+N90YRKwLArAoaWVRDHCBkH9HLDhecRSN7teXRCuXbQRq+VFc2Q=="
      }
    },
    "net8.0/linux-x64": {
      "Microsoft.DotNet.ILCompiler": {
        "type": "Direct",
        "requested": "[8.0.3, )",
        "resolved": "8.0.3",
        "contentHash": "LGNORlVTRa2FDy3OcP3Xu1ZSJW4tz2ATO3WrHUwHg7kxbR9HChezgJ51CwZJQt8+Yp6acp32FDC/FTPdFDOumQ==",
        "dependencies": {
          "runtime.linux-x64.Microsoft.DotNet.ILCompiler": "8.0.3"
        }
      },
      "runtime.linux-x64.Microsoft.DotNet.ILCompiler": {
        "type": "Transitive",
        "resolved": "8.0.3",
        "contentHash": "Um4sGSNQBAwNZJJoOJkiC3H7En9qK//KFRsT65ShewvfbYLlOsOiYHlVtEKp5t7SZIOs91iSLG99rzmajxPypg=="
      }
    },
    "net8.0/win-x64": {
      "Microsoft.DotNet.ILCompiler": {
        "type": "Direct",
        "requested": "[8.0.3, )",
        "resolved": "8.0.3",
        "contentHash": "LGNORlVTRa2FDy3OcP3Xu1ZSJW4tz2ATO3WrHUwHg7kxbR9HChezgJ51CwZJQt8+Yp6acp32FDC/FTPdFDOumQ==",
        "dependencies": {
          "runtime.win-x64.Microsoft.DotNet.ILCompiler": "8.0.3"
        }
      },
      "runtime.win-x64.Microsoft.DotNet.ILCompiler": {
        "type": "Transitive",
        "resolved": "8.0.3",
        "contentHash": "4PEzDEW7z2OqF+wc/jHL0loPiZRj1gHeu+fNGvatZLFxfwMf7tX1YagoPXDUMvOfMzUh51KVU93BMs/SmMGgsQ=="
      }
    }
  }
}